
Microsoft Visual Studio Solution File, Format Version 12.00
# Visual Studio Version 17
VisualStudioVersion = 17.11.35327.3
MinimumVisualStudioVersion = 10.0.40219.1
Project("{8BC9CEB8-8B4A-11D0-8D11-00A0C91BC942}") = "21", "21\21.vcxproj", "{B586989A-3714-4FC8-B466-98174831D249}"
EndProject
Global
	GlobalSection(SolutionConfigurationPlatforms) = preSolution
		Debug|x64 = Debug|x64
		Debug|x86 = Debug|x86
		Release|x64 = Release|x64
		Release|x86 = Release|x86
	EndGlobalSection
	GlobalSection(ProjectConfigurationPlatforms) = postSolution
		{B586989A-3714-4FC8-B466-98174831D249}.Debug|x64.ActiveCfg = Debug|x64
		{B586989A-3714-4FC8-B466-98174831D249}.Debug|x64.Build.0 = Debug|x64
		{B586989A-3714-4FC8-B466-98174831D249}.Debug|x86.ActiveCfg = Debug|Win32
		{B586989A-3714-4FC8-B466-98174831D249}.Debug|x86.Build.0 = Debug|Win32
		{B586989A-3714-4FC8-B466-98174831D249}.Release|x64.ActiveCfg = Release|x64
		{B586989A-3714-4FC8-B466-98174831D249}.Release|x64.Build.0 = Release|x64
		{B586989A-3714-4FC8-B466-98174831D249}.Release|x86.ActiveCfg = Release|Win32
		{B586989A-3714-4FC8-B466-98174831D249}.Release|x86.Build.0 = Release|Win32
	EndGlobalSection
	GlobalSection(SolutionProperties) = preSolution
		HideSolutionNode = FALSE
	EndGlobalSection
	GlobalSection(ExtensibilityGlobals) = postSolution
		SolutionGuid = {6F7C0433-81DB-4860-8E9C-0E243EA14720}
	EndGlobalSection
EndGlobal
